# This file is autogenerated, do not edit; changes may be undone by the next 'dep ensure'.


[[projects]]
  branch = "master"
  name = "9fans.net/go"
  packages = [
    "plan9",
    "plan9/client"
  ]
  revision = "f3da003977a315afefd8b0085cc48356fd2308a3"

[[projects]]
  name = "github.com/golang/protobuf"
  packages = ["proto"]
  revision = "925541529c1fa6821df4e44ce2723319eb2be768"
  version = "v1.0.0"

[[projects]]
  branch = "master"
  name = "github.com/lionkov/go9p"
  packages = [
    "p",
    "p/clnt",
    "p/srv"
  ]
  revision = "9fba78810500b1458eb390171fb5d9427d503a59"

[[projects]]
  branch = "master"
  name = "golang.org/x/crypto"
  packages = ["hkdf"]
  revision = "1875d0a70c90e57f11972aefd42276df65e895b9"

[[projects]]
  branch = "master"
  name = "golang.org/x/text"
  packages = [
    "cases",
    "collate",
    "collate/build",
    "internal",
    "internal/colltab",
    "internal/gen",
    "internal/tag",
    "internal/triegen",
    "internal/ucd",
    "language",
    "runes",
    "secure/bidirule",
    "secure/precis",
    "transform",
    "unicode/bidi",
    "unicode/cldr",
    "unicode/norm",
    "unicode/rangetable",
    "width"
  ]
  revision = "e19ae1496984b1c655b8044a65c0300a3c878dd3"

[[projects]]
  branch = "v2"
  name = "gopkg.in/yaml.v2"
  packages = ["."]
  revision = "d670f9405373e636a5a2765eea47fac0c9bc91a4"

[[projects]]
  branch = "master"
  name = "upspin.io"
  packages = [
    "access",
    "bind",
    "cache",
    "client",
    "client/clientutil",
    "client/file",
    "cmd/cacheserver/cacheutil",
    "config",
    "dir/inprocess",
    "dir/remote",
    "dir/unassigned",
    "errors",
    "factotum",
    "flags",
    "key/inprocess",
    "key/remote",
    "key/sha256key",
    "key/transports",
    "key/unassigned",
    "key/usercache",
    "log",
    "metric",
    "pack",
    "pack/ee",
    "pack/eeintegrity",
    "pack/internal",
    "pack/packutil",
    "pack/plain",
    "path",
    "rpc",
    "rpc/local",
    "serverutil",
    "store/inprocess",
    "store/remote",
    "store/transports",
    "store/unassigned",
    "test/testutil",
    "transports",
    "upspin",
    "upspin/proto",
    "user",
    "valid",
    "version"
  ]
  revision = "daa96a4688949f089528920b9c1950646e892a26"

[solve-meta]
  analyzer-name = "dep"
  analyzer-version = 1
  inputs-digest = "81614c07e80ba418d2393fcf566b27b67f88635053aa0e05e3e9ffe593d69eba"
  solver-name = "gps-cdcl"
  solver-version = 1
